
Microsoft Visual Studio Solution File, Format Version 12.00
# Visual Studio Version 17
VisualStudioVersion = 17.7.34031.279
MinimumVisualStudioVersion = 10.0.40219.1
Project("{FAE04EC0-301F-11D3-BF4B-00C04F79EFBC}") = "05_studentiListView", "05_studentiListView.csproj", "{76915C4F-C68C-4AB1-97C9-2BD7E77657F1}"
EndProject
Global
	GlobalSection(SolutionConfigurationPlatforms) = preSolution
		Debug|Any CPU = Debug|Any CPU
		Release|Any CPU = Release|Any CPU
	EndGlobalSection
	GlobalSection(ProjectConfigurationPlatforms) = postSolution
		{76915C4F-C68C-4AB1-97C9-2BD7E77657F1}.Debug|Any CPU.ActiveCfg = Debug|Any CPU
		{76915C4F-C68C-4AB1-97C9-2BD7E77657F1}.Debug|Any CPU.Build.0 = Debug|Any CPU
		{76915C4F-C68C-4AB1-97C9-2BD7E77657F1}.Release|Any CPU.ActiveCfg = Release|Any CPU
		{76915C4F-C68C-4AB1-97C9-2BD7E77657F1}.Release|Any CPU.Build.0 = Release|Any CPU
	EndGlobalSection
	GlobalSection(SolutionProperties) = preSolution
		HideSolutionNode = FALSE
	EndGlobalSection
	GlobalSection(ExtensibilityGlobals) = postSolution
		SolutionGuid = {8FCC26EE-6CDA-4006-869F-D00375B6ED08}
	EndGlobalSection
EndGlobal
