
Microsoft Visual Studio Solution File, Format Version 12.00
# Visual Studio Version 17
VisualStudioVersion = 17.6.33829.357
MinimumVisualStudioVersion = 10.0.40219.1
Project("{FAE04EC0-301F-11D3-BF4B-00C04F79EFBC}") = "Bilet", "Bilet\Bilet.csproj", "{EED83DAD-F83B-4043-A7AC-29C51289B2B1}"
EndProject
Global
	GlobalSection(SolutionConfigurationPlatforms) = preSolution
		Debug|Any CPU = Debug|Any CPU
		Release|Any CPU = Release|Any CPU
	EndGlobalSection
	GlobalSection(ProjectConfigurationPlatforms) = postSolution
		{EED83DAD-F83B-4043-A7AC-29C51289B2B1}.Debug|Any CPU.ActiveCfg = Debug|Any CPU
		{EED83DAD-F83B-4043-A7AC-29C51289B2B1}.Debug|Any CPU.Build.0 = Debug|Any CPU
		{EED83DAD-F83B-4043-A7AC-29C51289B2B1}.Release|Any CPU.ActiveCfg = Release|Any CPU
		{EED83DAD-F83B-4043-A7AC-29C51289B2B1}.Release|Any CPU.Build.0 = Release|Any CPU
	EndGlobalSection
	GlobalSection(SolutionProperties) = preSolution
		HideSolutionNode = FALSE
	EndGlobalSection
	GlobalSection(ExtensibilityGlobals) = postSolution
		SolutionGuid = {F6F7211D-FCCD-40D3-8F27-DA8CDEC08852}
	EndGlobalSection
EndGlobal
