
Microsoft Visual Studio Solution File, Format Version 12.00
# Visual Studio Version 17
VisualStudioVersion = 17.9.34622.214
MinimumVisualStudioVersion = 10.0.40219.1
Project("{FAE04EC0-301F-11D3-BF4B-00C04F79EFBC}") = "13_BD_Parc_Auto", "13_BD_Parc_Auto.csproj", "{021EA2AB-4BBB-4C1B-AF8C-242A0D4016CB}"
EndProject
Global
	GlobalSection(SolutionConfigurationPlatforms) = preSolution
		Debug|Any CPU = Debug|Any CPU
		Release|Any CPU = Release|Any CPU
	EndGlobalSection
	GlobalSection(ProjectConfigurationPlatforms) = postSolution
		{021EA2AB-4BBB-4C1B-AF8C-242A0D4016CB}.Debug|Any CPU.ActiveCfg = Debug|Any CPU
		{021EA2AB-4BBB-4C1B-AF8C-242A0D4016CB}.Debug|Any CPU.Build.0 = Debug|Any CPU
		{021EA2AB-4BBB-4C1B-AF8C-242A0D4016CB}.Release|Any CPU.ActiveCfg = Release|Any CPU
		{021EA2AB-4BBB-4C1B-AF8C-242A0D4016CB}.Release|Any CPU.Build.0 = Release|Any CPU
	EndGlobalSection
	GlobalSection(SolutionProperties) = preSolution
		HideSolutionNode = FALSE
	EndGlobalSection
	GlobalSection(ExtensibilityGlobals) = postSolution
		SolutionGuid = {7E70CAF6-E09D-432A-A200-95525C283BF9}
	EndGlobalSection
EndGlobal
