
Microsoft Visual Studio Solution File, Format Version 12.00
# Visual Studio Version 17
VisualStudioVersion = 17.7.34031.279
MinimumVisualStudioVersion = 10.0.40219.1
Project("{FAE04EC0-301F-11D3-BF4B-00C04F79EFBC}") = "01_Eq_gr2", "01_Eq_gr2.csproj", "{6A04CA8E-2FD8-43C5-9B55-F8A16D69E9E8}"
EndProject
Global
	GlobalSection(SolutionConfigurationPlatforms) = preSolution
		Debug|Any CPU = Debug|Any CPU
		Release|Any CPU = Release|Any CPU
	EndGlobalSection
	GlobalSection(ProjectConfigurationPlatforms) = postSolution
		{6A04CA8E-2FD8-43C5-9B55-F8A16D69E9E8}.Debug|Any CPU.ActiveCfg = Debug|Any CPU
		{6A04CA8E-2FD8-43C5-9B55-F8A16D69E9E8}.Debug|Any CPU.Build.0 = Debug|Any CPU
		{6A04CA8E-2FD8-43C5-9B55-F8A16D69E9E8}.Release|Any CPU.ActiveCfg = Release|Any CPU
		{6A04CA8E-2FD8-43C5-9B55-F8A16D69E9E8}.Release|Any CPU.Build.0 = Release|Any CPU
	EndGlobalSection
	GlobalSection(SolutionProperties) = preSolution
		HideSolutionNode = FALSE
	EndGlobalSection
	GlobalSection(ExtensibilityGlobals) = postSolution
		SolutionGuid = {A394E989-3C13-40E3-BA26-39B6D9F619D6}
	EndGlobalSection
EndGlobal
